// !$*UTF8*$!
{
	archiveVersion = 1;
	classes = {
	};
	objectVersion = 77;
	objects = {

/* Begin PBXContainerItemProxy section */
		A8524A432EA5368C00453352 /* PBXContainerItemProxy */ = {
			isa = PBXContainerItemProxy;
			containerPortal = A8524A2A2EA5368B00453352 /* Project object */;
			proxyType = 1;
			remoteGlobalIDString = A8524A312EA5368B00453352;
			remoteInfo = NeuralNetworkView;
		};
		A8524A4D2EA5368C00453352 /* PBXContainerItemProxy */ = {
			isa = PBXContainerItemProxy;
			containerPortal = A8524A2A2EA5368B00453352 /* Project object */;
			proxyType = 1;
			remoteGlobalIDString = A8524A312EA5368B00453352;
			remoteInfo = NeuralNetworkView;
		};
/* End PBXContainerItemProxy section */

/* Begin PBXFileReference section */
		A8524A322EA5368B00453352 /* NeuralNetworkView.app */ = {isa = PBXFileReference; explicitFileType = wrapper.application; includeInIndex = 0; path = NeuralNetworkView.app; sourceTree = BUILT_PRODUCTS_DIR; };
		A8524A422EA5368C00453352 /* NeuralNetworkViewTests.xctest */ = {isa = PBXFileReference; explicitFileType = wrapper.cfbundle; includeInIndex = 0; path = NeuralNetworkViewTests.xctest; sourceTree = BUILT_PRODUCTS_DIR; };
		A8524A4C2EA5368C00453352 /* NeuralNetworkViewUITests.xctest */ = {isa = PBXFileReference; explicitFileType = wrapper.cfbundle; includeInIndex = 0; path = NeuralNetworkViewUITests.xctest; sourceTree = BUILT_PRODUCTS_DIR; };
/* End PBXFileReference section */

/* Begin PBXFileSystemSynchronizedRootGroup section */
		A8524A342EA5368B00453352 /* NeuralNetworkView */ = {
			isa = PBXFileSystemSynchronizedRootGroup;
			path = NeuralNetworkView;
			sourceTree = "<group>";
		};
		A8524A452EA5368C00453352 /* NeuralNetworkViewTests */ = {
			isa = PBXFileSystemSynchronizedRootGroup;
			path = NeuralNetworkViewTests;
			sourceTree = "<group>";
		};
		A8524A4F2EA5368C00453352 /* NeuralNetworkViewUITests */ = {
			isa = PBXFileSystemSynchronizedRootGroup;
			path = NeuralNetworkViewUITests;
			sourceTree = "<group>";
		};
/* End PBXFileSystemSynchronizedRootGroup section */

/* Begin PBXFrameworksBuildPhase section */
		A8524A2F2EA5368B00453352 /* Frameworks */ = {
			isa = PBXFrameworksBuildPhase;
			buildActionMask = 2147483647;
			files = (
			);
			runOnlyForDeploymentPostprocessing = 0;
		};
		A8524A3F2EA5368C00453352 /* Frameworks */ = {
			isa = PBXFrameworksBuildPhase;
			buildActionMask = 2147483647;
			files = (
			);
			runOnlyForDeploymentPostprocessing = 0;
		};
		A8524A492EA5368C00453352 /* Frameworks */ = {
			isa = PBXFrameworksBuildPhase;
			buildActionMask = 2147483647;
			files = (
			);
			runOnlyForDeploymentPostprocessing = 0;
		};
/* End PBXFrameworksBuildPhase section */

/* Begin PBXGroup section */
		A8524A292EA5368B00453352 = {
			isa = PBXGroup;
			children = (
				A8524A342EA5368B00453352 /* NeuralNetworkView */,
				A8524A452EA5368C00453352 /* NeuralNetworkViewTests */,
				A8524A4F2EA5368C00453352 /* NeuralNetworkViewUITests */,
				A8524A332EA5368B00453352 /* Products */,
			);
			sourceTree = "<group>";
		};
		A8524A332EA5368B00453352 /* Products */ = {
			isa = PBXGroup;
			children = (
				A8524A322EA5368B00453352 /* NeuralNetworkView.app */,
				A8524A422EA5368C00453352 /* NeuralNetworkViewTests.xctest */,
				A8524A4C2EA5368C00453352 /* NeuralNetworkViewUITests.xctest */,
			);
			name = Products;
			sourceTree = "<group>";
		};
/* End PBXGroup section */

/* Begin PBXNativeTarget section */
		A8524A312EA5368B00453352 /* NeuralNetworkView */ = {
			isa = PBXNativeTarget;
			buildConfigurationList = A8524A562EA5368C00453352 /* Build configuration list for PBXNativeTarget "NeuralNetworkView" */;
			buildPhases = (
				A8524A2E2EA5368B00453352 /* Sources */,
				A8524A2F2EA5368B00453352 /* Frameworks */,
				A8524A302EA5368B00453352 /* Resources */,
			);
			buildRules = (
			);
			dependencies = (
			);
			fileSystemSynchronizedGroups = (
				A8524A342EA5368B00453352 /* NeuralNetworkView */,
			);
			name = NeuralNetworkView;
			packageProductDependencies = (
			);
			productName = NeuralNetworkView;
			productReference = A8524A322EA5368B00453352 /* NeuralNetworkView.app */;
			productType = "com.apple.product-type.application";
		};
		A8524A412EA5368C00453352 /* NeuralNetworkViewTests */ = {
			isa = PBXNativeTarget;
			buildConfigurationList = A8524A592EA5368C00453352 /* Build configuration list for PBXNativeTarget "NeuralNetworkViewTests" */;
			buildPhases = (
				A8524A3E2EA5368C00453352 /* Sources */,
				A8524A3F2EA5368C00453352 /* Frameworks */,
				A8524A402EA5368C00453352 /* Resources */,
			);
			buildRules = (
			);
			dependencies = (
				A8524A442EA5368C00453352 /* PBXTargetDependency */,
			);
			fileSystemSynchronizedGroups = (
				A8524A452EA5368C00453352 /* NeuralNetworkViewTests */,
			);
			name = NeuralNetworkViewTests;
			packageProductDependencies = (
			);
			productName = NeuralNetworkViewTests;
			productReference = A8524A422EA5368C00453352 /* NeuralNetworkViewTests.xctest */;
			productType = "com.apple.product-type.bundle.unit-test";
		};
		A8524A4B2EA5368C00453352 /* NeuralNetworkViewUITests */ = {
			isa = PBXNativeTarget;
			buildConfigurationList = A8524A5C2EA5368C00453352 /* Build configuration list for PBXNativeTarget "NeuralNetworkViewUITests" */;
			buildPhases = (
				A8524A482EA5368C00453352 /* Sources */,
				A8524A492EA5368C00453352 /* Frameworks */,
				A8524A4A2EA5368C00453352 /* Resources */,
			);
			buildRules = (
			);
			dependencies = (
				A8524A4E2EA5368C00453352 /* PBXTargetDependency */,
			);
			fileSystemSynchronizedGroups = (
				A8524A4F2EA5368C00453352 /* NeuralNetworkViewUITests */,
			);
			name = NeuralNetworkViewUITests;
			packageProductDependencies = (
			);
			productName = NeuralNetworkViewUITests;
			productReference = A8524A4C2EA5368C00453352 /* NeuralNetworkViewUITests.xctest */;
			productType = "com.apple.product-type.bundle.ui-testing";
		};
/* End PBXNativeTarget section */

/* Begin PBXProject section */
		A8524A2A2EA5368B00453352 /* Project object */ = {
			isa = PBXProject;
			attributes = {
				BuildIndependentTargetsInParallel = 1;
				LastSwiftUpdateCheck = 1620;
				LastUpgradeCheck = 1620;
				TargetAttributes = {
					A8524A312EA5368B00453352 = {
						CreatedOnToolsVersion = 16.2;
					};
					A8524A412EA5368C00453352 = {
						CreatedOnToolsVersion = 16.2;
						TestTargetID = A8524A312EA5368B00453352;
					};
					A8524A4B2EA5368C00453352 = {
						CreatedOnToolsVersion = 16.2;
						TestTargetID = A8524A312EA5368B00453352;
					};
				};
			};
			buildConfigurationList = A8524A2D2EA5368B00453352 /* Build configuration list for PBXProject "NeuralNetworkView" */;
			developmentRegion = en;
			hasScannedForEncodings = 0;
			knownRegions = (
				en,
				Base,
			);
			mainGroup = A8524A292EA5368B00453352;
			minimizedProjectReferenceProxies = 1;
			preferredProjectObjectVersion = 77;
			productRefGroup = A8524A332EA5368B00453352 /* Products */;
			projectDirPath = "";
			projectRoot = "";
			targets = (
				A8524A312EA5368B00453352 /* NeuralNetworkView */,
				A8524A412EA5368C00453352 /* NeuralNetworkViewTests */,
				A8524A4B2EA5368C00453352 /* NeuralNetworkViewUITests */,
			);
		};
/* End PBXProject section */

/* Begin PBXResourcesBuildPhase section */
		A8524A302EA5368B00453352 /* Resources */ = {
			isa = PBXResourcesBuildPhase;
			buildActionMask = 2147483647;
			files = (
			);
			runOnlyForDeploymentPostprocessing = 0;
		};
		A8524A402EA5368C00453352 /* Resources */ = {
			isa = PBXResourcesBuildPhase;
			buildActionMask = 2147483647;
			files = (
			);
			runOnlyForDeploymentPostprocessing = 0;
		};
		A8524A4A2EA5368C00453352 /* Resources */ = {
			isa = PBXResourcesBuildPhase;
			buildActionMask = 2147483647;
			files = (
			);
			runOnlyForDeploymentPostprocessing = 0;
		};
/* End PBXResourcesBuildPhase section */

/* Begin PBXSourcesBuildPhase section */
		A8524A2E2EA5368B00453352 /* Sources */ = {
			isa = PBXSourcesBuildPhase;
			buildActionMask = 2147483647;
			files = (
			);
			runOnlyForDeploymentPostprocessing = 0;
		};
		A8524A3E2EA5368C00453352 /* Sources */ = {
			isa = PBXSourcesBuildPhase;
			buildActionMask = 2147483647;
			files = (
			);
			runOnlyForDeploymentPostprocessing = 0;
		};
		A8524A482EA5368C00453352 /* Sources */ = {
			isa = PBXSourcesBuildPhase;
			buildActionMask = 2147483647;
			files = (
			);
			runOnlyForDeploymentPostprocessing = 0;
		};
/* End PBXSourcesBuildPhase section */

/* Begin PBXTargetDependency section */
		A8524A442EA5368C00453352 /* PBXTargetDependency */ = {
			isa = PBXTargetDependency;
			target = A8524A312EA5368B00453352 /* NeuralNetworkView */;
			targetProxy = A8524A432EA5368C00453352 /* PBXContainerItemProxy */;
		};
		A8524A4E2EA5368C00453352 /* PBXTargetDependency */ = {
			isa = PBXTargetDependency;
			target = A8524A312EA5368B00453352 /* NeuralNetworkView */;
			targetProxy = A8524A4D2EA5368C00453352 /* PBXContainerItemProxy */;
		};
/* End PBXTargetDependency section */

/* Begin XCBuildConfiguration section */
		A8524A542EA5368C00453352 /* Debug */ = {
			isa = XCBuildConfiguration;
			buildSettings = {
				ALWAYS_SEARCH_USER_PATHS = NO;
				ASSETCATALOG_COMPILER_GENERATE_SWIFT_ASSET_SYMBOL_EXTENSIONS = YES;
				CLANG_ANALYZER_NONNULL = YES;
				CLANG_ANALYZER_NUMBER_OBJECT_CONVERSION = YES_AGGRESSIVE;
				CLANG_CXX_LANGUAGE_STANDARD = "gnu++20";
				CLANG_ENABLE_MODULES = YES;
				CLANG_ENABLE_OBJC_ARC = YES;
				CLANG_ENABLE_OBJC_WEAK = YES;
				CLANG_WARN_BLOCK_CAPTURE_AUTORELEASING = YES;
				CLANG_WARN_BOOL_CONVERSION = YES;
				CLANG_WARN_COMMA = YES;
				CLANG_WARN_CONSTANT_CONVERSION = YES;
				CLANG_WARN_DEPRECATED_OBJC_IMPLEMENTATIONS = YES;
				CLANG_WARN_DIRECT_OBJC_ISA_USAGE = YES_ERROR;
				CLANG_WARN_DOCUMENTATION_COMMENTS = YES;
				CLANG_WARN_EMPTY_BODY = YES;
				CLANG_WARN_ENUM_CONVERSION = YES;
				CLANG_WARN_INFINITE_RECURSION = YES;
				CLANG_WARN_INT_CONVERSION = YES;
				CLANG_WARN_NON_LITERAL_NULL_CONVERSION = YES;
				CLANG_WARN_OBJC_IMPLICIT_RETAIN_SELF = YES;
				CLANG_WARN_OBJC_LITERAL_CONVERSION = YES;
				CLANG_WARN_OBJC_ROOT_CLASS = YES_ERROR;
				CLANG_WARN_QUOTED_INCLUDE_IN_FRAMEWORK_HEADER = YES;
				CLANG_WARN_RANGE_LOOP_ANALYSIS = YES;
				CLANG_WARN_STRICT_PROTOTYPES = YES;
				CLANG_WARN_SUSPICIOUS_MOVE = YES;
				CLANG_WARN_UNGUARDED_AVAILABILITY = YES_AGGRESSIVE;
				CLANG_WARN_UNREACHABLE_CODE = YES;
				CLANG_WARN__DUPLICATE_METHOD_MATCH = YES;
				COPY_PHASE_STRIP = NO;
				DEBUG_INFORMATION_FORMAT = dwarf;
				ENABLE_STRICT_OBJC_MSGSEND = YES;
				ENABLE_TESTABILITY = YES;
				ENABLE_USER_SCRIPT_SANDBOXING = YES;
				GCC_C_LANGUAGE_STANDARD = gnu17;
				GCC_DYNAMIC_NO_PIC = NO;
				GCC_NO_COMMON_BLOCKS = YES;
				GCC_OPTIMIZATION_LEVEL = 0;
				GCC_PREPROCESSOR_DEFINITIONS = (
					"DEBUG=1",
					"$(inherited)",
				);
				GCC_WARN_64_TO_32_BIT_CONVERSION = YES;
				GCC_WARN_ABOUT_RETURN_TYPE = YES_ERROR;
				GCC_WARN_UNDECLARED_SELECTOR = YES;
				GCC_WARN_UNINITIALIZED_AUTOS = YES_AGGRESSIVE;
				GCC_WARN_UNUSED_FUNCTION = YES;
				GCC_WARN_UNUSED_VARIABLE = YES;
				IPHONEOS_DEPLOYMENT_TARGET = 18.2;
				LOCALIZATION_PREFERS_STRING_CATALOGS = YES;
				MTL_ENABLE_DEBUG_INFO = INCLUDE_SOURCE;
				MTL_FAST_MATH = YES;
				ONLY_ACTIVE_ARCH = YES;
				SDKROOT = iphoneos;
				SWIFT_ACTIVE_COMPILATION_CONDITIONS = "DEBUG $(inherited)";
				SWIFT_OPTIMIZATION_LEVEL = "-Onone";
			};
			name = Debug;
		};
		A8524A552EA5368C00453352 /* Release */ = {
			isa = XCBuildConfiguration;
			buildSettings = {
				ALWAYS_SEARCH_USER_PATHS = NO;
				ASSETCATALOG_COMPILER_GENERATE_SWIFT_ASSET_SYMBOL_EXTENSIONS = YES;
				CLANG_ANALYZER_NONNULL = YES;
				CLANG_ANALYZER_NUMBER_OBJECT_CONVERSION = YES_AGGRESSIVE;
				CLANG_CXX_LANGUAGE_STANDARD = "gnu++20";
				CLANG_ENABLE_MODULES = YES;
				CLANG_ENABLE_OBJC_ARC = YES;
				CLANG_ENABLE_OBJC_WEAK = YES;
				CLANG_WARN_BLOCK_CAPTURE_AUTORELEASING = YES;
				CLANG_WARN_BOOL_CONVERSION = YES;
				CLANG_WARN_COMMA = YES;
				CLANG_WARN_CONSTANT_CONVERSION = YES;
				CLANG_WARN_DEPRECATED_OBJC_IMPLEMENTATIONS = YES;
				CLANG_WARN_DIRECT_OBJC_ISA_USAGE = YES_ERROR;
				CLANG_WARN_DOCUMENTATION_COMMENTS = YES;
				CLANG_WARN_EMPTY_BODY = YES;
				CLANG_WARN_ENUM_CONVERSION = YES;
				CLANG_WARN_INFINITE_RECURSION = YES;
				CLANG_WARN_INT_CONVERSION = YES;
				CLANG_WARN_NON_LITERAL_NULL_CONVERSION = YES;
				CLANG_WARN_OBJC_IMPLICIT_RETAIN_SELF = YES;
				CLANG_WARN_OBJC_LITERAL_CONVERSION = YES;
				CLANG_WARN_OBJC_ROOT_CLASS = YES_ERROR;
				CLANG_WARN_QUOTED_INCLUDE_IN_FRAMEWORK_HEADER = YES;
				CLANG_WARN_RANGE_LOOP_ANALYSIS = YES;
				CLANG_WARN_STRICT_PROTOTYPES = YES;
				CLANG_WARN_SUSPICIOUS_MOVE = YES;
				CLANG_WARN_UNGUARDED_AVAILABILITY = YES_AGGRESSIVE;
				CLANG_WARN_UNREACHABLE_CODE = YES;
				CLANG_WARN__DUPLICATE_METHOD_MATCH = YES;
				COPY_PHASE_STRIP = NO;
				DEBUG_INFORMATION_FORMAT = "dwarf-with-dsym";
				ENABLE_NS_ASSERTIONS = NO;
				ENABLE_STRICT_OBJC_MSGSEND = YES;
				ENABLE_USER_SCRIPT_SANDBOXING = YES;
				GCC_C_LANGUAGE_STANDARD = gnu17;
				GCC_NO_COMMON_BLOCKS = YES;
				GCC_WARN_64_TO_32_BIT_CONVERSION = YES;
				GCC_WARN_ABOUT_RETURN_TYPE = YES_ERROR;
				GCC_WARN_UNDECLARED_SELECTOR = YES;
				GCC_WARN_UNINITIALIZED_AUTOS = YES_AGGRESSIVE;
				GCC_WARN_UNUSED_FUNCTION = YES;
				GCC_WARN_UNUSED_VARIABLE = YES;
				IPHONEOS_DEPLOYMENT_TARGET = 18.2;
				LOCALIZATION_PREFERS_STRING_CATALOGS = YES;
				MTL_ENABLE_DEBUG_INFO = NO;
				MTL_FAST_MATH = YES;
				SDKROOT = iphoneos;
				SWIFT_COMPILATION_MODE = wholemodule;
				VALIDATE_PRODUCT = YES;
			};
			name = Release;
		};
		A8524A572EA5368C00453352 /* Debug */ = {
			isa = XCBuildConfiguration;
			buildSettings = {
				ASSETCATALOG_COMPILER_APPICON_NAME = AppIcon;
				ASSETCATALOG_COMPILER_GLOBAL_ACCENT_COLOR_NAME = AccentColor;
				CODE_SIGN_STYLE = Automatic;
				CURRENT_PROJECT_VERSION = 1;
				DEVELOPMENT_ASSET_PATHS = "\"NeuralNetworkView/Preview Content\"";
				ENABLE_PREVIEWS = YES;
				GENERATE_INFOPLIST_FILE = YES;
				INFOPLIST_KEY_UIApplicationSceneManifest_Generation = YES;
				INFOPLIST_KEY_UIApplicationSupportsIndirectInputEvents = YES;
				INFOPLIST_KEY_UILaunchScreen_Generation = YES;
				INFOPLIST_KEY_UISupportedInterfaceOrientations_iPad = "UIInterfaceOrientationPortrait UIInterfaceOrientationPortraitUpsideDown UIInterfaceOrientationLandscapeLeft UIInterfaceOrientationLandscapeRight";
				INFOPLIST_KEY_UISupportedInterfaceOrientations_iPhone = "UIInterfaceOrientationPortrait UIInterfaceOrientationLandscapeLeft UIInterfaceOrientationLandscapeRight";
				LD_RUNPATH_SEARCH_PATHS = (
					"$(inherited)",
					"@executable_path/Frameworks",
				);
				MARKETING_VERSION = 1.0;
				PRODUCT_BUNDLE_IDENTIFIER = "Em-.NeuralNetworkView";
				PRODUCT_NAME = "$(TARGET_NAME)";
				SWIFT_EMIT_LOC_STRINGS = YES;
				SWIFT_VERSION = 5.0;
				TARGETED_DEVICE_FAMILY = "1,2";
			};
			name = Debug;
		};
		A8524A582EA5368C00453352 /* Release */ = {
			isa = XCBuildConfiguration;
			buildSettings = {
				ASSETCATALOG_COMPILER_APPICON_NAME = AppIcon;
				ASSETCATALOG_COMPILER_GLOBAL_ACCENT_COLOR_NAME = AccentColor;
				CODE_SIGN_STYLE = Automatic;
				CURRENT_PROJECT_VERSION = 1;
				DEVELOPMENT_ASSET_PATHS = "\"NeuralNetworkView/Preview Content\"";
				ENABLE_PREVIEWS = YES;
				GENERATE_INFOPLIST_FILE = YES;
				INFOPLIST_KEY_UIApplicationSceneManifest_Generation = YES;
				INFOPLIST_KEY_UIApplicationSupportsIndirectInputEvents = YES;
				INFOPLIST_KEY_UILaunchScreen_Generation = YES;
				INFOPLIST_KEY_UISupportedInterfaceOrientations_iPad = "UIInterfaceOrientationPortrait UIInterfaceOrientationPortraitUpsideDown UIInterfaceOrientationLandscapeLeft UIInterfaceOrientationLandscapeRight";
				INFOPLIST_KEY_UISupportedInterfaceOrientations_iPhone = "UIInterfaceOrientationPortrait UIInterfaceOrientationLandscapeLeft UIInterfaceOrientationLandscapeRight";
				LD_RUNPATH_SEARCH_PATHS = (
					"$(inherited)",
					"@executable_path/Frameworks",
				);
				MARKETING_VERSION = 1.0;
				PRODUCT_BUNDLE_IDENTIFIER = "Em-.NeuralNetworkView";
				PRODUCT_NAME = "$(TARGET_NAME)";
				SWIFT_EMIT_LOC_STRINGS = YES;
				SWIFT_VERSION = 5.0;
				TARGETED_DEVICE_FAMILY = "1,2";
			};
			name = Release;
		};
		A8524A5A2EA5368C00453352 /* Debug */ = {
			isa = XCBuildConfiguration;
			buildSettings = {
				BUNDLE_LOADER = "$(TEST_HOST)";
				CODE_SIGN_STYLE = Automatic;
				CURRENT_PROJECT_VERSION = 1;
				GENERATE_INFOPLIST_FILE = YES;
				IPHONEOS_DEPLOYMENT_TARGET = 18.2;
				MARKETING_VERSION = 1.0;
				PRODUCT_BUNDLE_IDENTIFIER = "Em-.NeuralNetworkViewTests";
				PRODUCT_NAME = "$(TARGET_NAME)";
				SWIFT_EMIT_LOC_STRINGS = NO;
				SWIFT_VERSION = 5.0;
				TARGETED_DEVICE_FAMILY = "1,2";
				TEST_HOST = "$(BUILT_PRODUCTS_DIR)/NeuralNetworkView.app/$(BUNDLE_EXECUTABLE_FOLDER_PATH)/NeuralNetworkView";
			};
			name = Debug;
		};
		A8524A5B2EA5368C00453352 /* Release */ = {
			isa = XCBuildConfiguration;
			buildSettings = {
				BUNDLE_LOADER = "$(TEST_HOST)";
				CODE_SIGN_STYLE = Automatic;
				CURRENT_PROJECT_VERSION = 1;
				GENERATE_INFOPLIST_FILE = YES;
				IPHONEOS_DEPLOYMENT_TARGET = 18.2;
				MARKETING_VERSION = 1.0;
				PRODUCT_BUNDLE_IDENTIFIER = "Em-.NeuralNetworkViewTests";
				PRODUCT_NAME = "$(TARGET_NAME)";
				SWIFT_EMIT_LOC_STRINGS = NO;
				SWIFT_VERSION = 5.0;
				TARGETED_DEVICE_FAMILY = "1,2";
				TEST_HOST = "$(BUILT_PRODUCTS_DIR)/NeuralNetworkView.app/$(BUNDLE_EXECUTABLE_FOLDER_PATH)/NeuralNetworkView";
			};
			name = Release;
		};
		A8524A5D2EA5368C00453352 /* Debug */ = {
			isa = XCBuildConfiguration;
			buildSettings = {
				CODE_SIGN_STYLE = Automatic;
				CURRENT_PROJECT_VERSION = 1;
				GENERATE_INFOPLIST_FILE = YES;
				MARKETING_VERSION = 1.0;
				PRODUCT_BUNDLE_IDENTIFIER = "Em-.NeuralNetworkViewUITests";
				PRODUCT_NAME = "$(TARGET_NAME)";
				SWIFT_EMIT_LOC_STRINGS = NO;
				SWIFT_VERSION = 5.0;
				TARGETED_DEVICE_FAMILY = "1,2";
				TEST_TARGET_NAME = NeuralNetworkView;
			};
			name = Debug;
		};
		A8524A5E2EA5368C00453352 /* Release */ = {
			isa = XCBuildConfiguration;
			buildSettings = {
				CODE_SIGN_STYLE = Automatic;
				CURRENT_PROJECT_VERSION = 1;
				GENERATE_INFOPLIST_FILE = YES;
				MARKETING_VERSION = 1.0;
				PRODUCT_BUNDLE_IDENTIFIER = "Em-.NeuralNetworkViewUITests";
				PRODUCT_NAME = "$(TARGET_NAME)";
				SWIFT_EMIT_LOC_STRINGS = NO;
				SWIFT_VERSION = 5.0;
				TARGETED_DEVICE_FAMILY = "1,2";
				TEST_TARGET_NAME = NeuralNetworkView;
			};
			name = Release;
		};
/* End XCBuildConfiguration section */

/* Begin XCConfigurationList section */
		A8524A2D2EA5368B00453352 /* Build configuration list for PBXProject "NeuralNetworkView" */ = {
			isa = XCConfigurationList;
			buildConfigurations = (
				A8524A542EA5368C00453352 /* Debug */,
				A8524A552EA5368C00453352 /* Release */,
			);
			defaultConfigurationIsVisible = 0;
			defaultConfigurationName = Release;
		};
		A8524A562EA5368C00453352 /* Build configuration list for PBXNativeTarget "NeuralNetworkView" */ = {
			isa = XCConfigurationList;
			buildConfigurations = (
				A8524A572EA5368C00453352 /* Debug */,
				A8524A582EA5368C00453352 /* Release */,
			);
			defaultConfigurationIsVisible = 0;
			defaultConfigurationName = Release;
		};
		A8524A592EA5368C00453352 /* Build configuration list for PBXNativeTarget "NeuralNetworkViewTests" */ = {
			isa = XCConfigurationList;
			buildConfigurations = (
				A8524A5A2EA5368C00453352 /* Debug */,
				A8524A5B2EA5368C00453352 /* Release */,
			);
			defaultConfigurationIsVisible = 0;
			defaultConfigurationName = Release;
		};
		A8524A5C2EA5368C00453352 /* Build configuration list for PBXNativeTarget "NeuralNetworkViewUITests" */ = {
			isa = XCConfigurationList;
			buildConfigurations = (
				A8524A5D2EA5368C00453352 /* Debug */,
				A8524A5E2EA5368C00453352 /* Release */,
			);
			defaultConfigurationIsVisible = 0;
			defaultConfigurationName = Release;
		};
/* End XCConfigurationList section */
	};
	rootObject = A8524A2A2EA5368B00453352 /* Project object */;
}
